
Microsoft Visual Studio Solution File, Format Version 12.00
# Visual Studio Version 17
VisualStudioVersion = 17.9.34622.214
MinimumVisualStudioVersion = 10.0.40219.1
Project("{FAE04EC0-301F-11D3-BF4B-00C04F79EFBC}") = "JAT", "JAT\JAT.csproj", "{C821B9B0-E728-4BB5-A878-1DB3FA977341}"
EndProject
Project("{FAE04EC0-301F-11D3-BF4B-00C04F79EFBC}") = "JAT.Core", "..\..\thesis\JAT.Core\JAT.Core\JAT.Core.csproj", "{F337EE8D-FFF8-45B0-88E4-7D98465EC8E4}"
EndProject
Global
	GlobalSection(SolutionConfigurationPlatforms) = preSolution
		Debug|Any CPU = Debug|Any CPU
		Release|Any CPU = Release|Any CPU
	EndGlobalSection
	GlobalSection(ProjectConfigurationPlatforms) = postSolution
		{C821B9B0-E728-4BB5-A878-1DB3FA977341}.Debug|Any CPU.ActiveCfg = Debug|Any CPU
		{C821B9B0-E728-4BB5-A878-1DB3FA977341}.Debug|Any CPU.Build.0 = Debug|Any CPU
		{C821B9B0-E728-4BB5-A878-1DB3FA977341}.Release|Any CPU.ActiveCfg = Release|Any CPU
		{C821B9B0-E728-4BB5-A878-1DB3FA977341}.Release|Any CPU.Build.0 = Release|Any CPU
		{F337EE8D-FFF8-45B0-88E4-7D98465EC8E4}.Debug|Any CPU.ActiveCfg = Debug|Any CPU
		{F337EE8D-FFF8-45B0-88E4-7D98465EC8E4}.Debug|Any CPU.Build.0 = Debug|Any CPU
		{F337EE8D-FFF8-45B0-88E4-7D98465EC8E4}.Release|Any CPU.ActiveCfg = Release|Any CPU
		{F337EE8D-FFF8-45B0-88E4-7D98465EC8E4}.Release|Any CPU.Build.0 = Release|Any CPU
	EndGlobalSection
	GlobalSection(SolutionProperties) = preSolution
		HideSolutionNode = FALSE
	EndGlobalSection
	GlobalSection(ExtensibilityGlobals) = postSolution
		SolutionGuid = {7C45013A-D9D8-45C5-AE73-8D7D0FC0824F}
	EndGlobalSection
EndGlobal
